PODS:
  - MobilliumUserDefaults (1.0.0)

DEPENDENCIES:
  - MobilliumUserDefaults (from `../`)

EXTERNAL SOURCES:
  MobilliumUserDefaults:
    :path: "../"

SPEC CHECKSUMS:
  MobilliumUserDefaults: 12a7b2f313ca01af2d5a81af889f32dc8a5bcf13

PODFILE CHECKSUM: d22f8afa8f12343a67c94201df1338488a2dea8d

COCOAPODS: 1.10.0
